
Microsoft Visual Studio Solution File, Format Version 12.00
# Visual Studio 15
Project("{FAE04EC0-301F-11D3-BF4B-00C04F79EFBC}") = "XamarinUP2018.Android", "XamarinUP2018.Android\XamarinUP2018.Android.csproj", "{D9D25A7B-C029-424A-AC9F-F55D48746B12}"
EndProject
Project("{FAE04EC0-301F-11D3-BF4B-00C04F79EFBC}") = "XamarinUP2018.iOS", "XamarinUP2018.iOS\XamarinUP2018.iOS.csproj", "{D0AA6F99-1F46-49D5-BEF2-316117B552A1}"
EndProject
Project("{FAE04EC0-301F-11D3-BF4B-00C04F79EFBC}") = "XamarinUP2018", "XamarinUP2018\XamarinUP2018.csproj", "{9AED5734-737F-48CA-948B-8B52D8952572}"
EndProject
Global
	GlobalSection(SolutionConfigurationPlatforms) = preSolution
		Debug|Any CPU = Debug|Any CPU
		Release|Any CPU = Release|Any CPU
		Debug|iPhoneSimulator = Debug|iPhoneSimulator
		Release|iPhoneSimulator = Release|iPhoneSimulator
		Debug|iPhone = Debug|iPhone
		Release|iPhone = Release|iPhone
	EndGlobalSection
	GlobalSection(ProjectConfigurationPlatforms) = postSolution
		{D9D25A7B-C029-424A-AC9F-F55D48746B12}.Debug|Any CPU.ActiveCfg = Debug|Any CPU
		{D9D25A7B-C029-424A-AC9F-F55D48746B12}.Debug|Any CPU.Build.0 = Debug|Any CPU
		{D9D25A7B-C029-424A-AC9F-F55D48746B12}.Release|Any CPU.ActiveCfg = Release|Any CPU
		{D9D25A7B-C029-424A-AC9F-F55D48746B12}.Release|Any CPU.Build.0 = Release|Any CPU
		{D9D25A7B-C029-424A-AC9F-F55D48746B12}.Debug|iPhoneSimulator.ActiveCfg = Debug|Any CPU
		{D9D25A7B-C029-424A-AC9F-F55D48746B12}.Debug|iPhoneSimulator.Build.0 = Debug|Any CPU
		{D9D25A7B-C029-424A-AC9F-F55D48746B12}.Release|iPhoneSimulator.ActiveCfg = Release|Any CPU
		{D9D25A7B-C029-424A-AC9F-F55D48746B12}.Release|iPhoneSimulator.Build.0 = Release|Any CPU
		{D9D25A7B-C029-424A-AC9F-F55D48746B12}.Debug|iPhone.ActiveCfg = Debug|Any CPU
		{D9D25A7B-C029-424A-AC9F-F55D48746B12}.Debug|iPhone.Build.0 = Debug|Any CPU
		{D9D25A7B-C029-424A-AC9F-F55D48746B12}.Release|iPhone.ActiveCfg = Release|Any CPU
		{D9D25A7B-C029-424A-AC9F-F55D48746B12}.Release|iPhone.Build.0 = Release|Any CPU
		{D0AA6F99-1F46-49D5-BEF2-316117B552A1}.Debug|Any CPU.ActiveCfg = Debug|iPhoneSimulator
		{D0AA6F99-1F46-49D5-BEF2-316117B552A1}.Debug|Any CPU.Build.0 = Debug|iPhoneSimulator
		{D0AA6F99-1F46-49D5-BEF2-316117B552A1}.Release|Any CPU.ActiveCfg = Release|iPhoneSimulator
		{D0AA6F99-1F46-49D5-BEF2-316117B552A1}.Release|Any CPU.Build.0 = Release|iPhoneSimulator
		{D0AA6F99-1F46-49D5-BEF2-316117B552A1}.Debug|iPhoneSimulator.ActiveCfg = Debug|iPhoneSimulator
		{D0AA6F99-1F46-49D5-BEF2-316117B552A1}.Debug|iPhoneSimulator.Build.0 = Debug|iPhoneSimulator
		{D0AA6F99-1F46-49D5-BEF2-316117B552A1}.Release|iPhoneSimulator.ActiveCfg = Release|iPhoneSimulator
		{D0AA6F99-1F46-49D5-BEF2-316117B552A1}.Release|iPhoneSimulator.Build.0 = Release|iPhoneSimulator
		{D0AA6F99-1F46-49D5-BEF2-316117B552A1}.Debug|iPhone.ActiveCfg = Debug|iPhone
		{D0AA6F99-1F46-49D5-BEF2-316117B552A1}.Debug|iPhone.Build.0 = Debug|iPhone
		{D0AA6F99-1F46-49D5-BEF2-316117B552A1}.Release|iPhone.ActiveCfg = Release|iPhone
		{D0AA6F99-1F46-49D5-BEF2-316117B552A1}.Release|iPhone.Build.0 = Release|iPhone
		{9AED5734-737F-48CA-948B-8B52D8952572}.Debug|Any CPU.ActiveCfg = Debug|Any CPU
		{9AED5734-737F-48CA-948B-8B52D8952572}.Debug|Any CPU.Build.0 = Debug|Any CPU
		{9AED5734-737F-48CA-948B-8B52D8952572}.Release|Any CPU.ActiveCfg = Release|Any CPU
		{9AED5734-737F-48CA-948B-8B52D8952572}.Release|Any CPU.Build.0 = Release|Any CPU
		{9AED5734-737F-48CA-948B-8B52D8952572}.Debug|iPhoneSimulator.ActiveCfg = Debug|Any CPU
		{9AED5734-737F-48CA-948B-8B52D8952572}.Debug|iPhoneSimulator.Build.0 = Debug|Any CPU
		{9AED5734-737F-48CA-948B-8B52D8952572}.Release|iPhoneSimulator.ActiveCfg = Release|Any CPU
		{9AED5734-737F-48CA-948B-8B52D8952572}.Release|iPhoneSimulator.Build.0 = Release|Any CPU
		{9AED5734-737F-48CA-948B-8B52D8952572}.Debug|iPhone.ActiveCfg = Debug|Any CPU
		{9AED5734-737F-48CA-948B-8B52D8952572}.Debug|iPhone.Build.0 = Debug|Any CPU
		{9AED5734-737F-48CA-948B-8B52D8952572}.Release|iPhone.ActiveCfg = Release|Any CPU
		{9AED5734-737F-48CA-948B-8B52D8952572}.Release|iPhone.Build.0 = Release|Any CPU
	EndGlobalSection
EndGlobal
